
Microsoft Visual Studio Solution File, Format Version 12.00
# Visual Studio Version 17
VisualStudioVersion = 17.14.36301.6 d17.14
MinimumVisualStudioVersion = 10.0.40219.1
Project("{FAE04EC0-301F-11D3-BF4B-00C04F79EFBC}") = "Validation_And_Password_Encryption_DB_Assignment", "Validation_And_Password_Encryption_DB_Assignment\Validation_And_Password_Encryption_DB_Assignment.csproj", "{A8065652-A230-4DBB-8E36-9ECE9259C220}"
EndProject
Global
	GlobalSection(SolutionConfigurationPlatforms) = preSolution
		Debug|Any CPU = Debug|Any CPU
		Release|Any CPU = Release|Any CPU
	EndGlobalSection
	GlobalSection(ProjectConfigurationPlatforms) = postSolution
		{A8065652-A230-4DBB-8E36-9ECE9259C220}.Debug|Any CPU.ActiveCfg = Debug|Any CPU
		{A8065652-A230-4DBB-8E36-9ECE9259C220}.Debug|Any CPU.Build.0 = Debug|Any CPU
		{A8065652-A230-4DBB-8E36-9ECE9259C220}.Release|Any CPU.ActiveCfg = Release|Any CPU
		{A8065652-A230-4DBB-8E36-9ECE9259C220}.Release|Any CPU.Build.0 = Release|Any CPU
	EndGlobalSection
	GlobalSection(SolutionProperties) = preSolution
		HideSolutionNode = FALSE
	EndGlobalSection
	GlobalSection(ExtensibilityGlobals) = postSolution
		SolutionGuid = {F5DF7335-8C97-45B1-85A4-76BA641C2715}
	EndGlobalSection
EndGlobal
