
Microsoft Visual Studio Solution File, Format Version 12.00
# Visual Studio Version 17
VisualStudioVersion = 17.14.36301.6 d17.14
MinimumVisualStudioVersion = 10.0.40219.1
Project("{FAE04EC0-301F-11D3-BF4B-00C04F79EFBC}") = "ExpenseTracker", "ExpenseTracker\ExpenseTracker.csproj", "{F7E2536B-B4C8-4F53-B3BD-B52375EA611E}"
EndProject
Project("{FAE04EC0-301F-11D3-BF4B-00C04F79EFBC}") = "ExpenseManagerLib", "ExpenseManagerLib\ExpenseManagerLib.csproj", "{C0E2BA4B-E816-45E6-9CBA-5B14225B91E8}"
EndProject
Global
	GlobalSection(SolutionConfigurationPlatforms) = preSolution
		Debug|Any CPU = Debug|Any CPU
		Release|Any CPU = Release|Any CPU
	EndGlobalSection
	GlobalSection(ProjectConfigurationPlatforms) = postSolution
		{F7E2536B-B4C8-4F53-B3BD-B52375EA611E}.Debug|Any CPU.ActiveCfg = Debug|Any CPU
		{F7E2536B-B4C8-4F53-B3BD-B52375EA611E}.Debug|Any CPU.Build.0 = Debug|Any CPU
		{F7E2536B-B4C8-4F53-B3BD-B52375EA611E}.Release|Any CPU.ActiveCfg = Release|Any CPU
		{F7E2536B-B4C8-4F53-B3BD-B52375EA611E}.Release|Any CPU.Build.0 = Release|Any CPU
		{C0E2BA4B-E816-45E6-9CBA-5B14225B91E8}.Debug|Any CPU.ActiveCfg = Debug|Any CPU
		{C0E2BA4B-E816-45E6-9CBA-5B14225B91E8}.Debug|Any CPU.Build.0 = Debug|Any CPU
		{C0E2BA4B-E816-45E6-9CBA-5B14225B91E8}.Release|Any CPU.ActiveCfg = Release|Any CPU
		{C0E2BA4B-E816-45E6-9CBA-5B14225B91E8}.Release|Any CPU.Build.0 = Release|Any CPU
	EndGlobalSection
	GlobalSection(SolutionProperties) = preSolution
		HideSolutionNode = FALSE
	EndGlobalSection
	GlobalSection(ExtensibilityGlobals) = postSolution
		SolutionGuid = {C66085AD-1737-42B4-A458-2725B0913128}
	EndGlobalSection
EndGlobal
